
Microsoft Visual Studio Solution File, Format Version 12.00
# Visual Studio 15
VisualStudioVersion = 15.0.27703.2042
MinimumVisualStudioVersion = 10.0.40219.1
Project("{9A19103F-16F7-4668-BE54-9A1E7A4F7556}") = "CustoProducao.WebMVC", "CustoProducao.WebMVC\CustoProducao.WebMVC.csproj", "{B663F2D6-DFAC-4592-B19D-CA3C43C77BEA}"
EndProject
Project("{9A19103F-16F7-4668-BE54-9A1E7A4F7556}") = "CustoProducao.Core", "CustoProducao.Core\CustoProducao.Core.csproj", "{70E040C7-C539-4B58-8E64-740239050D9D}"
EndProject
Project("{FAE04EC0-301F-11D3-BF4B-00C04F79EFBC}") = "CustoProducao.Infrastructure", "CustoProducao.Infrastructure\CustoProducao.Infrastructure.csproj", "{2F0B00E1-6836-4177-A8B3-CC2428FC2505}"
EndProject
Global
	GlobalSection(SolutionConfigurationPlatforms) = preSolution
		Debug|Any CPU = Debug|Any CPU
		Release|Any CPU = Release|Any CPU
	EndGlobalSection
	GlobalSection(ProjectConfigurationPlatforms) = postSolution
		{B663F2D6-DFAC-4592-B19D-CA3C43C77BEA}.Debug|Any CPU.ActiveCfg = Debug|Any CPU
		{B663F2D6-DFAC-4592-B19D-CA3C43C77BEA}.Debug|Any CPU.Build.0 = Debug|Any CPU
		{B663F2D6-DFAC-4592-B19D-CA3C43C77BEA}.Release|Any CPU.ActiveCfg = Release|Any CPU
		{B663F2D6-DFAC-4592-B19D-CA3C43C77BEA}.Release|Any CPU.Build.0 = Release|Any CPU
		{70E040C7-C539-4B58-8E64-740239050D9D}.Debug|Any CPU.ActiveCfg = Debug|Any CPU
		{70E040C7-C539-4B58-8E64-740239050D9D}.Debug|Any CPU.Build.0 = Debug|Any CPU
		{70E040C7-C539-4B58-8E64-740239050D9D}.Release|Any CPU.ActiveCfg = Release|Any CPU
		{70E040C7-C539-4B58-8E64-740239050D9D}.Release|Any CPU.Build.0 = Release|Any CPU
		{2F0B00E1-6836-4177-A8B3-CC2428FC2505}.Debug|Any CPU.ActiveCfg = Debug|Any CPU
		{2F0B00E1-6836-4177-A8B3-CC2428FC2505}.Debug|Any CPU.Build.0 = Debug|Any CPU
		{2F0B00E1-6836-4177-A8B3-CC2428FC2505}.Release|Any CPU.ActiveCfg = Release|Any CPU
		{2F0B00E1-6836-4177-A8B3-CC2428FC2505}.Release|Any CPU.Build.0 = Release|Any CPU
	EndGlobalSection
	GlobalSection(SolutionProperties) = preSolution
		HideSolutionNode = FALSE
	EndGlobalSection
	GlobalSection(ExtensibilityGlobals) = postSolution
		SolutionGuid = {60608FC1-9B26-41E9-81AC-98C227AE4785}
	EndGlobalSection
EndGlobal
